
Microsoft Visual Studio Solution File, Format Version 12.00
# Visual Studio Version 16
VisualStudioVersion = 16.0.32106.194
MinimumVisualStudioVersion = 10.0.40219.1
Project("{FAE04EC0-301F-11D3-BF4B-00C04F79EFBC}") = "Fitness.BL", "Fitness.BL\Fitness.BL.csproj", "{043EF9D2-574D-49B2-9660-2FC0E583A63A}"
EndProject
Project("{FAE04EC0-301F-11D3-BF4B-00C04F79EFBC}") = "Fitness.CMD", "Fitness.CMD\Fitness.CMD.csproj", "{6C37742D-2BD7-4712-BAD5-57E827862CB0}"
EndProject
Project("{FAE04EC0-301F-11D3-BF4B-00C04F79EFBC}") = "Fitness.BLTests", "Fitness.BLTests\Fitness.BLTests.csproj", "{5DF04468-0F1D-4597-B7BF-2C5E054C0C9A}"
EndProject
Global
	GlobalSection(SolutionConfigurationPlatforms) = preSolution
		Debug|Any CPU = Debug|Any CPU
		Release|Any CPU = Release|Any CPU
	EndGlobalSection
	GlobalSection(ProjectConfigurationPlatforms) = postSolution
		{043EF9D2-574D-49B2-9660-2FC0E583A63A}.Debug|Any CPU.ActiveCfg = Debug|Any CPU
		{043EF9D2-574D-49B2-9660-2FC0E583A63A}.Debug|Any CPU.Build.0 = Debug|Any CPU
		{043EF9D2-574D-49B2-9660-2FC0E583A63A}.Release|Any CPU.ActiveCfg = Release|Any CPU
		{043EF9D2-574D-49B2-9660-2FC0E583A63A}.Release|Any CPU.Build.0 = Release|Any CPU
		{6C37742D-2BD7-4712-BAD5-57E827862CB0}.Debug|Any CPU.ActiveCfg = Debug|Any CPU
		{6C37742D-2BD7-4712-BAD5-57E827862CB0}.Debug|Any CPU.Build.0 = Debug|Any CPU
		{6C37742D-2BD7-4712-BAD5-57E827862CB0}.Release|Any CPU.ActiveCfg = Release|Any CPU
		{6C37742D-2BD7-4712-BAD5-57E827862CB0}.Release|Any CPU.Build.0 = Release|Any CPU
		{5DF04468-0F1D-4597-B7BF-2C5E054C0C9A}.Debug|Any CPU.ActiveCfg = Debug|Any CPU
		{5DF04468-0F1D-4597-B7BF-2C5E054C0C9A}.Debug|Any CPU.Build.0 = Debug|Any CPU
		{5DF04468-0F1D-4597-B7BF-2C5E054C0C9A}.Release|Any CPU.ActiveCfg = Release|Any CPU
		{5DF04468-0F1D-4597-B7BF-2C5E054C0C9A}.Release|Any CPU.Build.0 = Release|Any CPU
	EndGlobalSection
	GlobalSection(SolutionProperties) = preSolution
		HideSolutionNode = FALSE
	EndGlobalSection
	GlobalSection(ExtensibilityGlobals) = postSolution
		SolutionGuid = {4AD167A0-43FE-4E59-AFA7-6186A30EEBFE}
	EndGlobalSection
EndGlobal
